
Microsoft Visual Studio Solution File, Format Version 12.00
# Visual Studio 15
Project("{FAE04EC0-301F-11D3-BF4B-00C04F79EFBC}") = "Assembly-CSharp", "Assembly-CSharp.csproj", "{8ACD9938-0F63-06CE-A32C-A008F46EB9D8}"
EndProject
Project("{FAE04EC0-301F-11D3-BF4B-00C04F79EFBC}") = "Assembly-CSharp-Editor", "Assembly-CSharp-Editor.csproj", "{4241DF74-5494-4F0E-708E-6E60F73ADECD}"
EndProject
Global
	GlobalSection(SolutionConfigurationPlatforms) = preSolution
		Debug|Any CPU = Debug|Any CPU
		Release|Any CPU = Release|Any CPU
	EndGlobalSection
	GlobalSection(ProjectConfigurationPlatforms) = postSolution
		{8ACD9938-0F63-06CE-A32C-A008F46EB9D8}.Debug|Any CPU.ActiveCfg = Debug|Any CPU
		{8ACD9938-0F63-06CE-A32C-A008F46EB9D8}.Debug|Any CPU.Build.0 = Debug|Any CPU
		{8ACD9938-0F63-06CE-A32C-A008F46EB9D8}.Release|Any CPU.ActiveCfg = Release|Any CPU
		{8ACD9938-0F63-06CE-A32C-A008F46EB9D8}.Release|Any CPU.Build.0 = Release|Any CPU
		{4241DF74-5494-4F0E-708E-6E60F73ADECD}.Debug|Any CPU.ActiveCfg = Debug|Any CPU
		{4241DF74-5494-4F0E-708E-6E60F73ADECD}.Debug|Any CPU.Build.0 = Debug|Any CPU
		{4241DF74-5494-4F0E-708E-6E60F73ADECD}.Release|Any CPU.ActiveCfg = Release|Any CPU
		{4241DF74-5494-4F0E-708E-6E60F73ADECD}.Release|Any CPU.Build.0 = Release|Any CPU
	EndGlobalSection
	GlobalSection(SolutionProperties) = preSolution
		HideSolutionNode = FALSE
	EndGlobalSection
EndGlobal
